// !$*UTF8*$!
{
	archiveVersion = 1;
	classes = {
	};
	objectVersion = 56;
	objects = {

/* Begin PBXBuildFile section */
		A001000000000001 /* CoinScanAIApp.swift in Sources */ = {isa = PBXBuildFile; fileRef = A002000000000001 /* CoinScanAIApp.swift */; };
		A001000000000002 /* ContentView.swift in Sources */ = {isa = PBXBuildFile; fileRef = A002000000000002 /* ContentView.swift */; };
		A001000000000003 /* CameraView.swift in Sources */ = {isa = PBXBuildFile; fileRef = A002000000000003 /* CameraView.swift */; };
		A001000000000004 /* ResultView.swift in Sources */ = {isa = PBXBuildFile; fileRef = A002000000000004 /* ResultView.swift */; };
		A001000000000005 /* CoinDetector.swift in Sources */ = {isa = PBXBuildFile; fileRef = A002000000000005 /* CoinDetector.swift */; };
		A001000000000006 /* ImageProcessor.swift in Sources */ = {isa = PBXBuildFile; fileRef = A002000000000006 /* ImageProcessor.swift */; };
		A001000000000007 /* FeatureExtractor.swift in Sources */ = {isa = PBXBuildFile; fileRef = A002000000000007 /* FeatureExtractor.swift */; };
		A001000000000008 /* ModelRunner.swift in Sources */ = {isa = PBXBuildFile; fileRef = A002000000000008 /* ModelRunner.swift */; };
		A001000000000009 /* ScanManager.swift in Sources */ = {isa = PBXBuildFile; fileRef = A002000000000009 /* ScanManager.swift */; };
		A00100000000000A /* ScanModel.swift in Sources */ = {isa = PBXBuildFile; fileRef = A00200000000000A /* ScanModel.swift */; };
		A00100000000000B /* ImageExtensions.swift in Sources */ = {isa = PBXBuildFile; fileRef = A00200000000000B /* ImageExtensions.swift */; };
		A00100000000000C /* OpenCVWrapper.mm in Sources */ = {isa = PBXBuildFile; fileRef = A00200000000000C /* OpenCVWrapper.mm */; settings = {COMPILER_FLAGS = "-std=c++17 -fno-objc-arc"; }; };
		A00100000000000D /* Assets.xcassets in Resources */ = {isa = PBXBuildFile; fileRef = A00200000000000D /* Assets.xcassets */; };
		A00100000000000E /* Info.plist in Resources */ = {isa = PBXBuildFile; fileRef = A00200000000000E /* Info.plist */; };
/* End PBXBuildFile section */

/* Begin PBXFileReference section */
		A002000000000001 /* CoinScanAIApp.swift */ = {isa = PBXFileReference; lastKnownFileType = sourcecode.swift; path = CoinScanAIApp.swift; sourceTree = "<group>"; };
		A002000000000002 /* ContentView.swift */ = {isa = PBXFileReference; lastKnownFileType = sourcecode.swift; path = ContentView.swift; sourceTree = "<group>"; };
		A002000000000003 /* CameraView.swift */ = {isa = PBXFileReference; lastKnownFileType = sourcecode.swift; path = CameraView.swift; sourceTree = "<group>"; };
		A002000000000004 /* ResultView.swift */ = {isa = PBXFileReference; lastKnownFileType = sourcecode.swift; path = ResultView.swift; sourceTree = "<group>"; };
		A002000000000005 /* CoinDetector.swift */ = {isa = PBXFileReference; lastKnownFileType = sourcecode.swift; path = CoinDetector.swift; sourceTree = "<group>"; };
		A002000000000006 /* ImageProcessor.swift */ = {isa = PBXFileReference; lastKnownFileType = sourcecode.swift; path = ImageProcessor.swift; sourceTree = "<group>"; };
		A002000000000007 /* FeatureExtractor.swift */ = {isa = PBXFileReference; lastKnownFileType = sourcecode.swift; path = FeatureExtractor.swift; sourceTree = "<group>"; };
		A002000000000008 /* ModelRunner.swift */ = {isa = PBXFileReference; lastKnownFileType = sourcecode.swift; path = ModelRunner.swift; sourceTree = "<group>"; };
		A002000000000009 /* ScanManager.swift */ = {isa = PBXFileReference; lastKnownFileType = sourcecode.swift; path = ScanManager.swift; sourceTree = "<group>"; };
		A00200000000000A /* ScanModel.swift */ = {isa = PBXFileReference; lastKnownFileType = sourcecode.swift; path = ScanModel.swift; sourceTree = "<group>"; };
		A00200000000000B /* ImageExtensions.swift */ = {isa = PBXFileReference; lastKnownFileType = sourcecode.swift; path = ImageExtensions.swift; sourceTree = "<group>"; };
		A00200000000000C /* OpenCVWrapper.mm */ = {isa = PBXFileReference; lastKnownFileType = sourcecode.cpp.objcpp; path = OpenCVWrapper.mm; sourceTree = "<group>"; };
		A00200000000000D /* Assets.xcassets */ = {isa = PBXFileReference; lastKnownFileType = folder.assetcatalog; path = Assets.xcassets; sourceTree = "<group>"; };
		A00200000000000E /* Info.plist */ = {isa = PBXFileReference; lastKnownFileType = text.plist.xml; path = Info.plist; sourceTree = "<group>"; };
		A00200000000000F /* OpenCVWrapper.h */ = {isa = PBXFileReference; lastKnownFileType = sourcecode.c.h; path = OpenCVWrapper.h; sourceTree = "<group>"; };
		A002000000000010 /* CoinScanAI-Bridging-Header.h */ = {isa = PBXFileReference; lastKnownFileType = sourcecode.c.h; path = "CoinScanAI-Bridging-Header.h"; sourceTree = "<group>"; };
		A002000000000020 /* CoinScanAI.app */ = {isa = PBXFileReference; explicitFileType = wrapper.application; includeInIndex = 0; path = CoinScanAI.app; sourceTree = BUILT_PRODUCTS_DIR; };
/* End PBXFileReference section */

/* Begin PBXFrameworksBuildPhase section */
		A003000000000001 /* Frameworks */ = {
			isa = PBXFrameworksBuildPhase;
			buildActionMask = 2147483647;
			files = (
			);
			runOnlyForDeploymentPostprocessing = 0;
		};
/* End PBXFrameworksBuildPhase section */

/* Begin PBXGroup section */
		A004000000000000 /* Root */ = {
			isa = PBXGroup;
			children = (
				A004000000000001 /* CoinScanAI */,
				A002000000000020 /* CoinScanAI.app */,
			);
			sourceTree = "<group>";
		};
		A004000000000001 /* CoinScanAI */ = {
			isa = PBXGroup;
			children = (
				A004000000000002 /* App */,
				A004000000000003 /* Vision */,
				A004000000000004 /* AI */,
				A004000000000005 /* Storage */,
				A004000000000006 /* Utils */,
				A004000000000007 /* OpenCV */,
				A00200000000000D /* Assets.xcassets */,
				A00200000000000E /* Info.plist */,
				A002000000000010 /* CoinScanAI-Bridging-Header.h */,
			);
			path = CoinScanAI;
			sourceTree = "<group>";
		};
		A004000000000002 /* App */ = {
			isa = PBXGroup;
			children = (
				A002000000000001 /* CoinScanAIApp.swift */,
				A002000000000002 /* ContentView.swift */,
				A002000000000003 /* CameraView.swift */,
				A002000000000004 /* ResultView.swift */,
			);
			path = App;
			sourceTree = "<group>";
		};
		A004000000000003 /* Vision */ = {
			isa = PBXGroup;
			children = (
				A002000000000005 /* CoinDetector.swift */,
				A002000000000006 /* ImageProcessor.swift */,
				A002000000000007 /* FeatureExtractor.swift */,
			);
			path = Vision;
			sourceTree = "<group>";
		};
		A004000000000004 /* AI */ = {
			isa = PBXGroup;
			children = (
				A002000000000008 /* ModelRunner.swift */,
			);
			path = AI;
			sourceTree = "<group>";
		};
		A004000000000005 /* Storage */ = {
			isa = PBXGroup;
			children = (
				A002000000000009 /* ScanManager.swift */,
				A00200000000000A /* ScanModel.swift */,
			);
			path = Storage;
			sourceTree = "<group>";
		};
		A004000000000006 /* Utils */ = {
			isa = PBXGroup;
			children = (
				A00200000000000B /* ImageExtensions.swift */,
			);
			path = Utils;
			sourceTree = "<group>";
		};
		A004000000000007 /* OpenCV */ = {
			isa = PBXGroup;
			children = (
				A00200000000000F /* OpenCVWrapper.h */,
				A00200000000000C /* OpenCVWrapper.mm */,
			);
			path = OpenCV;
			sourceTree = "<group>";
		};
/* End PBXGroup section */

/* Begin PBXNativeTarget section */
		A005000000000001 /* CoinScanAI */ = {
			isa = PBXNativeTarget;
			buildConfigurationList = A006000000000001 /* Build configuration list for PBXNativeTarget "CoinScanAI" */;
			buildPhases = (
				A007000000000001 /* Sources */,
				A003000000000001 /* Frameworks */,
				A008000000000001 /* Resources */,
			);
			buildRules = (
			);
			dependencies = (
			);
			name = CoinScanAI;
			productName = CoinScanAI;
			productReference = A002000000000020 /* CoinScanAI.app */;
			productType = "com.apple.product-type.application";
		};
/* End PBXNativeTarget section */

/* Begin PBXProject section */
		A009000000000001 /* Project object */ = {
			isa = PBXProject;
			attributes = {
				BuildIndependentTargetsInParallel = 1;
				LastSwiftUpdateCheck = 1400;
				LastUpgradeCheck = 1400;
				TargetAttributes = {
					A005000000000001 = {
						CreatedOnToolsVersion = 14.0;
					};
				};
			};
			buildConfigurationList = A006000000000002 /* Build configuration list for PBXProject "CoinScanAI" */;
			compatibilityVersion = "Xcode 14.0";
			developmentRegion = en;
			hasScannedForEncodings = 0;
			knownRegions = (
				en,
				Base,
			);
			mainGroup = A004000000000000 /* Root */;
			productRefGroup = A004000000000000 /* Root */;
			projectDirPath = "";
			projectRoot = "";
			targets = (
				A005000000000001 /* CoinScanAI */,
			);
		};
/* End PBXProject section */

/* Begin PBXResourcesBuildPhase section */
		A008000000000001 /* Resources */ = {
			isa = PBXResourcesBuildPhase;
			buildActionMask = 2147483647;
			files = (
				A00100000000000D /* Assets.xcassets in Resources */,
			);
			runOnlyForDeploymentPostprocessing = 0;
		};
/* End PBXResourcesBuildPhase section */

/* Begin PBXSourcesBuildPhase section */
		A007000000000001 /* Sources */ = {
			isa = PBXSourcesBuildPhase;
			buildActionMask = 2147483647;
			files = (
				A001000000000001 /* CoinScanAIApp.swift in Sources */,
				A001000000000002 /* ContentView.swift in Sources */,
				A001000000000003 /* CameraView.swift in Sources */,
				A001000000000004 /* ResultView.swift in Sources */,
				A001000000000005 /* CoinDetector.swift in Sources */,
				A001000000000006 /* ImageProcessor.swift in Sources */,
				A001000000000007 /* FeatureExtractor.swift in Sources */,
				A001000000000008 /* ModelRunner.swift in Sources */,
				A001000000000009 /* ScanManager.swift in Sources */,
				A00100000000000A /* ScanModel.swift in Sources */,
				A00100000000000B /* ImageExtensions.swift in Sources */,
				A00100000000000C /* OpenCVWrapper.mm in Sources */,
			);
			runOnlyForDeploymentPostprocessing = 0;
		};
/* End PBXSourcesBuildPhase section */

/* Begin XCBuildConfiguration section */
		A00A000000000001 /* Debug */ = {
			isa = XCBuildConfiguration;
			buildSettings = {
				ALWAYS_SEARCH_USER_PATHS = NO;
				CLANG_ANALYZER_NONNULL = YES;
				CLANG_ANALYZER_NUMBER_OBJECT_CONVERSION = YES_AGGRESSIVE;
				CLANG_CXX_LANGUAGE_STANDARD = "gnu++17";
				CLANG_ENABLE_MODULES = YES;
				CLANG_ENABLE_OBJC_ARC = YES;
				CLANG_ENABLE_OBJC_WEAK = YES;
				CLANG_WARN_BLOCK_CAPTURE_AUTORELEASING = YES;
				CLANG_WARN_BOOL_CONVERSION = YES;
				CLANG_WARN_COMMA = YES;
				CLANG_WARN_CONSTANT_CONVERSION = YES;
				CLANG_WARN_DEPRECATED_OBJC_IMPLEMENTATIONS = YES;
				CLANG_WARN_DIRECT_OBJC_ISA_USAGE = YES_ERROR;
				CLANG_WARN_DOCUMENTATION_COMMENTS = YES;
				CLANG_WARN_EMPTY_BODY = YES;
				CLANG_WARN_ENUM_CONVERSION = YES;
				CLANG_WARN_INFINITE_RECURSION = YES;
				CLANG_WARN_INT_CONVERSION = YES;
				CLANG_WARN_NON_LITERAL_NULL_CONVERSION = YES;
				CLANG_WARN_OBJC_IMPLICIT_RETAIN_CYCLE = YES;
				CLANG_WARN_OBJC_LITERAL_CONVERSION = YES;
				CLANG_WARN_OBJC_ROOT_CLASS = YES_ERROR;
				CLANG_WARN_QUOTED_INCLUDE_IN_FRAMEWORK_HEADER = YES;
				CLANG_WARN_RANGE_LOOP_ANALYSIS = YES;
				CLANG_WARN_STRICT_PROTOTYPES = YES;
				CLANG_WARN_SUSPICIOUS_MOVE = YES;
				CLANG_WARN_UNGUARDED_AVAILABILITY = YES_AGGRESSIVE;
				CLANG_WARN_UNREACHABLE_CODE = YES;
				CLANG_WARN__DUPLICATE_METHOD_EXCEPTION = YES;
				COPY_PHASE_STRIP = NO;
				DEBUG_INFORMATION_FORMAT = dwarf;
				ENABLE_STRICT_OBJC_MSGSEND = YES;
				ENABLE_TESTABILITY = YES;
				GCC_C_LANGUAGE_STANDARD = gnu11;
				GCC_DYNAMIC_NO_PIC = NO;
				GCC_NO_COMMON_BLOCKS = YES;
				GCC_OPTIMIZATION_LEVEL = 0;
				GCC_PREPROCESSOR_DEFINITIONS = (
					"DEBUG=1",
					"$(inherited)",
				);
				GCC_WARN_64_TO_32_BIT_CONVERSION = YES;
				GCC_WARN_ABOUT_RETURN_TYPE = YES_ERROR;
				GCC_WARN_UNDECLARED_SELECTOR = YES;
				GCC_WARN_UNINITIALIZED_AUTOS = YES_AGGRESSIVE;
				GCC_WARN_UNUSED_FUNCTION = YES;
				GCC_WARN_UNUSED_VARIABLE = YES;
				IPHONEOS_DEPLOYMENT_TARGET = 16.0;
				MTL_ENABLE_DEBUG_INFO = INCLUDE_SOURCE;
				MTL_FAST_MATH = YES;
				ONLY_ACTIVE_ARCH = YES;
				SDKROOT = iphoneos;
				SWIFT_ACTIVE_COMPILATION_CONDITIONS = DEBUG;
				SWIFT_OPTIMIZATION_LEVEL = "-Onone";
			};
			name = Debug;
		};
		A00A000000000002 /* Release */ = {
			isa = XCBuildConfiguration;
			buildSettings = {
				ALWAYS_SEARCH_USER_PATHS = NO;
				CLANG_ANALYZER_NONNULL = YES;
				CLANG_ANALYZER_NUMBER_OBJECT_CONVERSION = YES_AGGRESSIVE;
				CLANG_CXX_LANGUAGE_STANDARD = "gnu++17";
				CLANG_ENABLE_MODULES = YES;
				CLANG_ENABLE_OBJC_ARC = YES;
				CLANG_ENABLE_OBJC_WEAK = YES;
				CLANG_WARN_BLOCK_CAPTURE_AUTORELEASING = YES;
				CLANG_WARN_BOOL_CONVERSION = YES;
				CLANG_WARN_COMMA = YES;
				CLANG_WARN_CONSTANT_CONVERSION = YES;
				CLANG_WARN_DEPRECATED_OBJC_IMPLEMENTATIONS = YES;
				CLANG_WARN_DIRECT_OBJC_ISA_USAGE = YES_ERROR;
				CLANG_WARN_DOCUMENTATION_COMMENTS = YES;
				CLANG_WARN_EMPTY_BODY = YES;
				CLANG_WARN_ENUM_CONVERSION = YES;
				CLANG_WARN_INFINITE_RECURSION = YES;
				CLANG_WARN_INT_CONVERSION = YES;
				CLANG_WARN_NON_LITERAL_NULL_CONVERSION = YES;
				CLANG_WARN_OBJC_IMPLICIT_RETAIN_CYCLE = YES;
				CLANG_WARN_OBJC_LITERAL_CONVERSION = YES;
				CLANG_WARN_OBJC_ROOT_CLASS = YES_ERROR;
				CLANG_WARN_QUOTED_INCLUDE_IN_FRAMEWORK_HEADER = YES;
				CLANG_WARN_RANGE_LOOP_ANALYSIS = YES;
				CLANG_WARN_STRICT_PROTOTYPES = YES;
				CLANG_WARN_SUSPICIOUS_MOVE = YES;
				CLANG_WARN_UNGUARDED_AVAILABILITY = YES_AGGRESSIVE;
				CLANG_WARN_UNREACHABLE_CODE = YES;
				CLANG_WARN__DUPLICATE_METHOD_EXCEPTION = YES;
				COPY_PHASE_STRIP = NO;
				DEBUG_INFORMATION_FORMAT = "dwarf-with-dsym";
				ENABLE_NS_ASSERTIONS = NO;
				ENABLE_STRICT_OBJC_MSGSEND = YES;
				GCC_C_LANGUAGE_STANDARD = gnu11;
				GCC_NO_COMMON_BLOCKS = YES;
				GCC_WARN_64_TO_32_BIT_CONVERSION = YES;
				GCC_WARN_ABOUT_RETURN_TYPE = YES_ERROR;
				GCC_WARN_UNDECLARED_SELECTOR = YES;
				GCC_WARN_UNINITIALIZED_AUTOS = YES_AGGRESSIVE;
				GCC_WARN_UNUSED_FUNCTION = YES;
				GCC_WARN_UNUSED_VARIABLE = YES;
				IPHONEOS_DEPLOYMENT_TARGET = 16.0;
				MTL_FAST_MATH = YES;
				SDKROOT = iphoneos;
				SWIFT_COMPILATION_MODE = wholemodule;
				SWIFT_OPTIMIZATION_LEVEL = "-O";
				VALIDATE_PRODUCT = YES;
			};
			name = Release;
		};
		A00A000000000003 /* Debug */ = {
			isa = XCBuildConfiguration;
			buildSettings = {
				ASSETCATALOG_COMPILER_APPICON_NAME = AppIcon;
				ASSETCATALOG_COMPILER_GLOBAL_ACCENT_COLOR_NAME = AccentColor;
				CODE_SIGN_STYLE = Automatic;
				CURRENT_PROJECT_VERSION = 1;
				DEVELOPMENT_ASSET_PATHS = "";
				ENABLE_PREVIEWS = YES;
				GENERATE_INFOPLIST_FILE = NO;
				INFOPLIST_FILE = CoinScanAI/Info.plist;
				IPHONEOS_DEPLOYMENT_TARGET = 16.0;
				LD_RUNPATH_SEARCH_PATHS = (
					"$(inherited)",
					"@executable_path/Frameworks",
				);
				MARKETING_VERSION = 1.0;
				PRODUCT_BUNDLE_IDENTIFIER = com.coinscanai.app;
				PRODUCT_NAME = "$(TARGET_NAME)";
				SWIFT_EMIT_LOC_STRINGS = YES;
				SWIFT_OBJC_BRIDGING_HEADER = "CoinScanAI/CoinScanAI-Bridging-Header.h";
				SWIFT_VERSION = 5.9;
				TARGETED_DEVICE_FAMILY = "1,2";
			};
			name = Debug;
		};
		A00A000000000004 /* Release */ = {
			isa = XCBuildConfiguration;
			buildSettings = {
				ASSETCATALOG_COMPILER_APPICON_NAME = AppIcon;
				ASSETCATALOG_COMPILER_GLOBAL_ACCENT_COLOR_NAME = AccentColor;
				CODE_SIGN_STYLE = Automatic;
				CURRENT_PROJECT_VERSION = 1;
				DEVELOPMENT_ASSET_PATHS = "";
				ENABLE_PREVIEWS = YES;
				GENERATE_INFOPLIST_FILE = NO;
				INFOPLIST_FILE = CoinScanAI/Info.plist;
				IPHONEOS_DEPLOYMENT_TARGET = 16.0;
				LD_RUNPATH_SEARCH_PATHS = (
					"$(inherited)",
					"@executable_path/Frameworks",
				);
				MARKETING_VERSION = 1.0;
				PRODUCT_BUNDLE_IDENTIFIER = com.coinscanai.app;
				PRODUCT_NAME = "$(TARGET_NAME)";
				SWIFT_EMIT_LOC_STRINGS = YES;
				SWIFT_OBJC_BRIDGING_HEADER = "CoinScanAI/CoinScanAI-Bridging-Header.h";
				SWIFT_VERSION = 5.9;
				TARGETED_DEVICE_FAMILY = "1,2";
			};
			name = Release;
		};
/* End XCBuildConfiguration section */

/* Begin XCConfigurationList section */
		A006000000000001 /* Build configuration list for PBXNativeTarget "CoinScanAI" */ = {
			isa = XCConfigurationList;
			buildConfigurations = (
				A00A000000000003 /* Debug */,
				A00A000000000004 /* Release */,
			);
			defaultConfigurationIsVisible = 0;
			defaultConfigurationName = Release;
		};
		A006000000000002 /* Build configuration list for PBXProject "CoinScanAI" */ = {
			isa = XCConfigurationList;
			buildConfigurations = (
				A00A000000000001 /* Debug */,
				A00A000000000002 /* Release */,
			);
			defaultConfigurationIsVisible = 0;
			defaultConfigurationName = Release;
		};
/* End XCConfigurationList section */

	};
	rootObject = A009000000000001 /* Project object */;
}
